
Microsoft Visual Studio Solution File, Format Version 12.00
# Visual Studio Version 17
VisualStudioVersion = 17.0.31903.59
MinimumVisualStudioVersion = 10.0.40219.1
Project("{FAE04EC0-301F-11D3-BF4B-00C04F79EFBC}") = "Midianita.API", "Midianita.API\Midianita.API.csproj", "{FAF2AD58-F46C-4F89-9D61-6CF4525074EE}"
EndProject
Project("{FAE04EC0-301F-11D3-BF4B-00C04F79EFBC}") = "Midianita.Core", "Midianita.Core\Midianita.Core.csproj", "{CCB98405-BB01-4ECA-8BEB-32F41903A6AB}"
EndProject
Project("{FAE04EC0-301F-11D3-BF4B-00C04F79EFBC}") = "Midianita.Infrastructure", "Midianita.Infrastructure\Midianita.Infrastructure.csproj", "{506D9A9A-B5F1-4F50-A8DC-C60A9CB4EA98}"
EndProject
Project("{FAE04EC0-301F-11D3-BF4B-00C04F79EFBC}") = "Midianita.Infrastructure.Iac", "Midianita.Infrastructure.Iac\Midianita.Infrastructure.Iac.csproj", "{735A875C-6E8E-426C-9F7B-E1F748A8F608}"
EndProject
Project("{FAE04EC0-301F-11D3-BF4B-00C04F79EFBC}") = "Midianita.Ioc", "Midianita.Ioc\Midianita.Ioc.csproj", "{C98C265C-CEA5-4F6B-947D-C479DA9B4A19}"
EndProject
Project("{FAE04EC0-301F-11D3-BF4B-00C04F79EFBC}") = "Midianita.Test", "Midianita.Test\Midianita.Test.csproj", "{E4581F1A-CCC1-4E9E-85EB-A152555E1B4E}"
EndProject
Project("{FAE04EC0-301F-11D3-BF4B-00C04F79EFBC}") = "Midianita.Aplication", "Midianita.Aplication\Midianita.Aplication.csproj", "{B5FD408C-B899-4908-8279-C727BA4CDCF9}"
EndProject
Project("{FAE04EC0-301F-11D3-BF4B-00C04F79EFBC}") = "Midianita.Worker", "Midianita.Worker\Midianita.Worker.csproj", "{22100DDD-98AF-48B6-BB19-DE69553F9928}"
EndProject
Global
	GlobalSection(SolutionConfigurationPlatforms) = preSolution
		Debug|Any CPU = Debug|Any CPU
		Debug|x64 = Debug|x64
		Debug|x86 = Debug|x86
		Release|Any CPU = Release|Any CPU
		Release|x64 = Release|x64
		Release|x86 = Release|x86
	EndGlobalSection
	GlobalSection(ProjectConfigurationPlatforms) = postSolution
		{FAF2AD58-F46C-4F89-9D61-6CF4525074EE}.Debug|Any CPU.ActiveCfg = Debug|Any CPU
		{FAF2AD58-F46C-4F89-9D61-6CF4525074EE}.Debug|Any CPU.Build.0 = Debug|Any CPU
		{FAF2AD58-F46C-4F89-9D61-6CF4525074EE}.Debug|x64.ActiveCfg = Debug|Any CPU
		{FAF2AD58-F46C-4F89-9D61-6CF4525074EE}.Debug|x64.Build.0 = Debug|Any CPU
		{FAF2AD58-F46C-4F89-9D61-6CF4525074EE}.Debug|x86.ActiveCfg = Debug|Any CPU
		{FAF2AD58-F46C-4F89-9D61-6CF4525074EE}.Debug|x86.Build.0 = Debug|Any CPU
		{FAF2AD58-F46C-4F89-9D61-6CF4525074EE}.Release|Any CPU.ActiveCfg = Release|Any CPU
		{FAF2AD58-F46C-4F89-9D61-6CF4525074EE}.Release|Any CPU.Build.0 = Release|Any CPU
		{FAF2AD58-F46C-4F89-9D61-6CF4525074EE}.Release|x64.ActiveCfg = Release|Any CPU
		{FAF2AD58-F46C-4F89-9D61-6CF4525074EE}.Release|x64.Build.0 = Release|Any CPU
		{FAF2AD58-F46C-4F89-9D61-6CF4525074EE}.Release|x86.ActiveCfg = Release|Any CPU
		{FAF2AD58-F46C-4F89-9D61-6CF4525074EE}.Release|x86.Build.0 = Release|Any CPU
		{CCB98405-BB01-4ECA-8BEB-32F41903A6AB}.Debug|Any CPU.ActiveCfg = Debug|Any CPU
		{CCB98405-BB01-4ECA-8BEB-32F41903A6AB}.Debug|Any CPU.Build.0 = Debug|Any CPU
		{CCB98405-BB01-4ECA-8BEB-32F41903A6AB}.Debug|x64.ActiveCfg = Debug|Any CPU
		{CCB98405-BB01-4ECA-8BEB-32F41903A6AB}.Debug|x64.Build.0 = Debug|Any CPU
		{CCB98405-BB01-4ECA-8BEB-32F41903A6AB}.Debug|x86.ActiveCfg = Debug|Any CPU
		{CCB98405-BB01-4ECA-8BEB-32F41903A6AB}.Debug|x86.Build.0 = Debug|Any CPU
		{CCB98405-BB01-4ECA-8BEB-32F41903A6AB}.Release|Any CPU.ActiveCfg = Release|Any CPU
		{CCB98405-BB01-4ECA-8BEB-32F41903A6AB}.Release|Any CPU.Build.0 = Release|Any CPU
		{CCB98405-BB01-4ECA-8BEB-32F41903A6AB}.Release|x64.ActiveCfg = Release|Any CPU
		{CCB98405-BB01-4ECA-8BEB-32F41903A6AB}.Release|x64.Build.0 = Release|Any CPU
		{CCB98405-BB01-4ECA-8BEB-32F41903A6AB}.Release|x86.ActiveCfg = Release|Any CPU
		{CCB98405-BB01-4ECA-8BEB-32F41903A6AB}.Release|x86.Build.0 = Release|Any CPU
		{506D9A9A-B5F1-4F50-A8DC-C60A9CB4EA98}.Debug|Any CPU.ActiveCfg = Debug|Any CPU
		{506D9A9A-B5F1-4F50-A8DC-C60A9CB4EA98}.Debug|Any CPU.Build.0 = Debug|Any CPU
		{506D9A9A-B5F1-4F50-A8DC-C60A9CB4EA98}.Debug|x64.ActiveCfg = Debug|Any CPU
		{506D9A9A-B5F1-4F50-A8DC-C60A9CB4EA98}.Debug|x64.Build.0 = Debug|Any CPU
		{506D9A9A-B5F1-4F50-A8DC-C60A9CB4EA98}.Debug|x86.ActiveCfg = Debug|Any CPU
		{506D9A9A-B5F1-4F50-A8DC-C60A9CB4EA98}.Debug|x86.Build.0 = Debug|Any CPU
		{506D9A9A-B5F1-4F50-A8DC-C60A9CB4EA98}.Release|Any CPU.ActiveCfg = Release|Any CPU
		{506D9A9A-B5F1-4F50-A8DC-C60A9CB4EA98}.Release|Any CPU.Build.0 = Release|Any CPU
		{506D9A9A-B5F1-4F50-A8DC-C60A9CB4EA98}.Release|x64.ActiveCfg = Release|Any CPU
		{506D9A9A-B5F1-4F50-A8DC-C60A9CB4EA98}.Release|x64.Build.0 = Release|Any CPU
		{506D9A9A-B5F1-4F50-A8DC-C60A9CB4EA98}.Release|x86.ActiveCfg = Release|Any CPU
		{506D9A9A-B5F1-4F50-A8DC-C60A9CB4EA98}.Release|x86.Build.0 = Release|Any CPU
		{735A875C-6E8E-426C-9F7B-E1F748A8F608}.Debug|Any CPU.ActiveCfg = Debug|Any CPU
		{735A875C-6E8E-426C-9F7B-E1F748A8F608}.Debug|Any CPU.Build.0 = Debug|Any CPU
		{735A875C-6E8E-426C-9F7B-E1F748A8F608}.Debug|x64.ActiveCfg = Debug|Any CPU
		{735A875C-6E8E-426C-9F7B-E1F748A8F608}.Debug|x64.Build.0 = Debug|Any CPU
		{735A875C-6E8E-426C-9F7B-E1F748A8F608}.Debug|x86.ActiveCfg = Debug|Any CPU
		{735A875C-6E8E-426C-9F7B-E1F748A8F608}.Debug|x86.Build.0 = Debug|Any CPU
		{735A875C-6E8E-426C-9F7B-E1F748A8F608}.Release|Any CPU.ActiveCfg = Release|Any CPU
		{735A875C-6E8E-426C-9F7B-E1F748A8F608}.Release|Any CPU.Build.0 = Release|Any CPU
		{735A875C-6E8E-426C-9F7B-E1F748A8F608}.Release|x64.ActiveCfg = Release|Any CPU
		{735A875C-6E8E-426C-9F7B-E1F748A8F608}.Release|x64.Build.0 = Release|Any CPU
		{735A875C-6E8E-426C-9F7B-E1F748A8F608}.Release|x86.ActiveCfg = Release|Any CPU
		{735A875C-6E8E-426C-9F7B-E1F748A8F608}.Release|x86.Build.0 = Release|Any CPU
		{C98C265C-CEA5-4F6B-947D-C479DA9B4A19}.Debug|Any CPU.ActiveCfg = Debug|Any CPU
		{C98C265C-CEA5-4F6B-947D-C479DA9B4A19}.Debug|Any CPU.Build.0 = Debug|Any CPU
		{C98C265C-CEA5-4F6B-947D-C479DA9B4A19}.Debug|x64.ActiveCfg = Debug|Any CPU
		{C98C265C-CEA5-4F6B-947D-C479DA9B4A19}.Debug|x64.Build.0 = Debug|Any CPU
		{C98C265C-CEA5-4F6B-947D-C479DA9B4A19}.Debug|x86.ActiveCfg = Debug|Any CPU
		{C98C265C-CEA5-4F6B-947D-C479DA9B4A19}.Debug|x86.Build.0 = Debug|Any CPU
		{C98C265C-CEA5-4F6B-947D-C479DA9B4A19}.Release|Any CPU.ActiveCfg = Release|Any CPU
		{C98C265C-CEA5-4F6B-947D-C479DA9B4A19}.Release|Any CPU.Build.0 = Release|Any CPU
		{C98C265C-CEA5-4F6B-947D-C479DA9B4A19}.Release|x64.ActiveCfg = Release|Any CPU
		{C98C265C-CEA5-4F6B-947D-C479DA9B4A19}.Release|x64.Build.0 = Release|Any CPU
		{C98C265C-CEA5-4F6B-947D-C479DA9B4A19}.Release|x86.ActiveCfg = Release|Any CPU
		{C98C265C-CEA5-4F6B-947D-C479DA9B4A19}.Release|x86.Build.0 = Release|Any CPU
		{E4581F1A-CCC1-4E9E-85EB-A152555E1B4E}.Debug|Any CPU.ActiveCfg = Debug|Any CPU
		{E4581F1A-CCC1-4E9E-85EB-A152555E1B4E}.Debug|Any CPU.Build.0 = Debug|Any CPU
		{E4581F1A-CCC1-4E9E-85EB-A152555E1B4E}.Debug|x64.ActiveCfg = Debug|Any CPU
		{E4581F1A-CCC1-4E9E-85EB-A152555E1B4E}.Debug|x64.Build.0 = Debug|Any CPU
		{E4581F1A-CCC1-4E9E-85EB-A152555E1B4E}.Debug|x86.ActiveCfg = Debug|Any CPU
		{E4581F1A-CCC1-4E9E-85EB-A152555E1B4E}.Debug|x86.Build.0 = Debug|Any CPU
		{E4581F1A-CCC1-4E9E-85EB-A152555E1B4E}.Release|Any CPU.ActiveCfg = Release|Any CPU
		{E4581F1A-CCC1-4E9E-85EB-A152555E1B4E}.Release|Any CPU.Build.0 = Release|Any CPU
		{E4581F1A-CCC1-4E9E-85EB-A152555E1B4E}.Release|x64.ActiveCfg = Release|Any CPU
		{E4581F1A-CCC1-4E9E-85EB-A152555E1B4E}.Release|x64.Build.0 = Release|Any CPU
		{E4581F1A-CCC1-4E9E-85EB-A152555E1B4E}.Release|x86.ActiveCfg = Release|Any CPU
		{E4581F1A-CCC1-4E9E-85EB-A152555E1B4E}.Release|x86.Build.0 = Release|Any CPU
		{B5FD408C-B899-4908-8279-C727BA4CDCF9}.Debug|Any CPU.ActiveCfg = Debug|Any CPU
		{B5FD408C-B899-4908-8279-C727BA4CDCF9}.Debug|Any CPU.Build.0 = Debug|Any CPU
		{B5FD408C-B899-4908-8279-C727BA4CDCF9}.Debug|x64.ActiveCfg = Debug|Any CPU
		{B5FD408C-B899-4908-8279-C727BA4CDCF9}.Debug|x64.Build.0 = Debug|Any CPU
		{B5FD408C-B899-4908-8279-C727BA4CDCF9}.Debug|x86.ActiveCfg = Debug|Any CPU
		{B5FD408C-B899-4908-8279-C727BA4CDCF9}.Debug|x86.Build.0 = Debug|Any CPU
		{B5FD408C-B899-4908-8279-C727BA4CDCF9}.Release|Any CPU.ActiveCfg = Release|Any CPU
		{B5FD408C-B899-4908-8279-C727BA4CDCF9}.Release|Any CPU.Build.0 = Release|Any CPU
		{B5FD408C-B899-4908-8279-C727BA4CDCF9}.Release|x64.ActiveCfg = Release|Any CPU
		{B5FD408C-B899-4908-8279-C727BA4CDCF9}.Release|x64.Build.0 = Release|Any CPU
		{B5FD408C-B899-4908-8279-C727BA4CDCF9}.Release|x86.ActiveCfg = Release|Any CPU
		{B5FD408C-B899-4908-8279-C727BA4CDCF9}.Release|x86.Build.0 = Release|Any CPU
		{22100DDD-98AF-48B6-BB19-DE69553F9928}.Debug|Any CPU.ActiveCfg = Debug|Any CPU
		{22100DDD-98AF-48B6-BB19-DE69553F9928}.Debug|Any CPU.Build.0 = Debug|Any CPU
		{22100DDD-98AF-48B6-BB19-DE69553F9928}.Debug|x64.ActiveCfg = Debug|Any CPU
		{22100DDD-98AF-48B6-BB19-DE69553F9928}.Debug|x64.Build.0 = Debug|Any CPU
		{22100DDD-98AF-48B6-BB19-DE69553F9928}.Debug|x86.ActiveCfg = Debug|Any CPU
		{22100DDD-98AF-48B6-BB19-DE69553F9928}.Debug|x86.Build.0 = Debug|Any CPU
		{22100DDD-98AF-48B6-BB19-DE69553F9928}.Release|Any CPU.ActiveCfg = Release|Any CPU
		{22100DDD-98AF-48B6-BB19-DE69553F9928}.Release|Any CPU.Build.0 = Release|Any CPU
		{22100DDD-98AF-48B6-BB19-DE69553F9928}.Release|x64.ActiveCfg = Release|Any CPU
		{22100DDD-98AF-48B6-BB19-DE69553F9928}.Release|x64.Build.0 = Release|Any CPU
		{22100DDD-98AF-48B6-BB19-DE69553F9928}.Release|x86.ActiveCfg = Release|Any CPU
		{22100DDD-98AF-48B6-BB19-DE69553F9928}.Release|x86.Build.0 = Release|Any CPU
	EndGlobalSection
	GlobalSection(SolutionProperties) = preSolution
		HideSolutionNode = FALSE
	EndGlobalSection
	GlobalSection(ExtensibilityGlobals) = postSolution
		SolutionGuid = {E3D7A893-B3D8-427A-BE7E-023A074C12CD}
	EndGlobalSection
EndGlobal
